
Microsoft Visual Studio Solution File, Format Version 12.00
# Visual Studio 14
VisualStudioVersion = 14.0.25123.0
MinimumVisualStudioVersion = 10.0.40219.1
Project("{FAE04EC0-301F-11D3-BF4B-00C04F79EFBC}") = "RiskApplication.Domain", "RiskApplication.Domain\RiskApplication.Domain.csproj", "{400758A3-B11F-40CA-B8C1-F62BC137B07D}"
EndProject
Project("{2150E333-8FDC-42A3-9474-1A3956D46DE8}") = "Test", "Test", "{B5DFB6BD-39BB-433F-BEF8-53C73885E2D0}"
EndProject
Project("{FAE04EC0-301F-11D3-BF4B-00C04F79EFBC}") = "RiskApplication.Domain.Test", "RiskApplication.Domain.Test\RiskApplication.Domain.Test.csproj", "{FC6C9276-BD6C-41BC-B242-8961515FDC06}"
EndProject
Project("{FAE04EC0-301F-11D3-BF4B-00C04F79EFBC}") = "RiskApplication.Persistence", "RiskApplication.Persistence\RiskApplication.Persistence.csproj", "{41834F56-7F65-4E44-BB86-7FC9522D12B4}"
EndProject
Project("{FAE04EC0-301F-11D3-BF4B-00C04F79EFBC}") = "RiskApplication.Services", "RiskApplication.Services\RiskApplication.Services.csproj", "{5DE1A530-78AF-492B-A0F4-102B9B8DCCED}"
EndProject
Project("{FAE04EC0-301F-11D3-BF4B-00C04F79EFBC}") = "RiskApplication.CrossCuttingConcerns", "RiskApplication.CrossCuttingConcerns\RiskApplication.CrossCuttingConcerns.csproj", "{12F1BDCC-CF8A-4A4C-89D7-3FAFC4935660}"
EndProject
Project("{FAE04EC0-301F-11D3-BF4B-00C04F79EFBC}") = "RiskApplication.Web", "RiskApplication.Web\RiskApplication.Web.csproj", "{5450CCD5-6B19-4285-86EC-DC18616FA3BB}"
EndProject
Global
	GlobalSection(SolutionConfigurationPlatforms) = preSolution
		Debug|Any CPU = Debug|Any CPU
		Release|Any CPU = Release|Any CPU
	EndGlobalSection
	GlobalSection(ProjectConfigurationPlatforms) = postSolution
		{400758A3-B11F-40CA-B8C1-F62BC137B07D}.Debug|Any CPU.ActiveCfg = Debug|Any CPU
		{400758A3-B11F-40CA-B8C1-F62BC137B07D}.Debug|Any CPU.Build.0 = Debug|Any CPU
		{400758A3-B11F-40CA-B8C1-F62BC137B07D}.Release|Any CPU.ActiveCfg = Release|Any CPU
		{400758A3-B11F-40CA-B8C1-F62BC137B07D}.Release|Any CPU.Build.0 = Release|Any CPU
		{FC6C9276-BD6C-41BC-B242-8961515FDC06}.Debug|Any CPU.ActiveCfg = Debug|Any CPU
		{FC6C9276-BD6C-41BC-B242-8961515FDC06}.Debug|Any CPU.Build.0 = Debug|Any CPU
		{FC6C9276-BD6C-41BC-B242-8961515FDC06}.Release|Any CPU.ActiveCfg = Release|Any CPU
		{FC6C9276-BD6C-41BC-B242-8961515FDC06}.Release|Any CPU.Build.0 = Release|Any CPU
		{41834F56-7F65-4E44-BB86-7FC9522D12B4}.Debug|Any CPU.ActiveCfg = Debug|Any CPU
		{41834F56-7F65-4E44-BB86-7FC9522D12B4}.Debug|Any CPU.Build.0 = Debug|Any CPU
		{41834F56-7F65-4E44-BB86-7FC9522D12B4}.Release|Any CPU.ActiveCfg = Release|Any CPU
		{41834F56-7F65-4E44-BB86-7FC9522D12B4}.Release|Any CPU.Build.0 = Release|Any CPU
		{5DE1A530-78AF-492B-A0F4-102B9B8DCCED}.Debug|Any CPU.ActiveCfg = Debug|Any CPU
		{5DE1A530-78AF-492B-A0F4-102B9B8DCCED}.Debug|Any CPU.Build.0 = Debug|Any CPU
		{5DE1A530-78AF-492B-A0F4-102B9B8DCCED}.Release|Any CPU.ActiveCfg = Release|Any CPU
		{5DE1A530-78AF-492B-A0F4-102B9B8DCCED}.Release|Any CPU.Build.0 = Release|Any CPU
		{12F1BDCC-CF8A-4A4C-89D7-3FAFC4935660}.Debug|Any CPU.ActiveCfg = Debug|Any CPU
		{12F1BDCC-CF8A-4A4C-89D7-3FAFC4935660}.Debug|Any CPU.Build.0 = Debug|Any CPU
		{12F1BDCC-CF8A-4A4C-89D7-3FAFC4935660}.Release|Any CPU.ActiveCfg = Release|Any CPU
		{12F1BDCC-CF8A-4A4C-89D7-3FAFC4935660}.Release|Any CPU.Build.0 = Release|Any CPU
		{5450CCD5-6B19-4285-86EC-DC18616FA3BB}.Debug|Any CPU.ActiveCfg = Debug|Any CPU
		{5450CCD5-6B19-4285-86EC-DC18616FA3BB}.Debug|Any CPU.Build.0 = Debug|Any CPU
		{5450CCD5-6B19-4285-86EC-DC18616FA3BB}.Release|Any CPU.ActiveCfg = Release|Any CPU
		{5450CCD5-6B19-4285-86EC-DC18616FA3BB}.Release|Any CPU.Build.0 = Release|Any CPU
	EndGlobalSection
	GlobalSection(SolutionProperties) = preSolution
		HideSolutionNode = FALSE
	EndGlobalSection
	GlobalSection(NestedProjects) = preSolution
		{FC6C9276-BD6C-41BC-B242-8961515FDC06} = {B5DFB6BD-39BB-433F-BEF8-53C73885E2D0}
	EndGlobalSection
EndGlobal
